// !$*UTF8*$!
{
	archiveVersion = 1;
	classes = {
	};
	objectVersion = 48;
	objects = {

/* Begin PBXBuildFile section */
		B52A289F20152EAD00B9FAB6 /* TestHelpers.swift in Sources */ = {isa = PBXBuildFile; fileRef = B52A289E20152EAD00B9FAB6 /* TestHelpers.swift */; };
		B54999B22015279400FBEC3D /* then.framework in Frameworks */ = {isa = PBXBuildFile; fileRef = B54999B12015279400FBEC3D /* then.framework */; };
		B54999B52015291000FBEC3D /* AppDelegate.swift in Sources */ = {isa = PBXBuildFile; fileRef = B54999B42015291000FBEC3D /* AppDelegate.swift */; };
		B54999B62015291000FBEC3D /* AppDelegate.swift in Sources */ = {isa = PBXBuildFile; fileRef = B54999B42015291000FBEC3D /* AppDelegate.swift */; };
		B54999EB20152A1700FBEC3D /* Cryptowatcher+Aggregates.swift in Sources */ = {isa = PBXBuildFile; fileRef = B54999DE20152A1600FBEC3D /* Cryptowatcher+Aggregates.swift */; };
		B54999EC20152A1700FBEC3D /* Cryptowatcher+Aggregates.swift in Sources */ = {isa = PBXBuildFile; fileRef = B54999DE20152A1600FBEC3D /* Cryptowatcher+Aggregates.swift */; };
		B54999ED20152A1700FBEC3D /* Assets.swift in Sources */ = {isa = PBXBuildFile; fileRef = B54999DF20152A1600FBEC3D /* Assets.swift */; };
		B54999EE20152A1700FBEC3D /* Assets.swift in Sources */ = {isa = PBXBuildFile; fileRef = B54999DF20152A1600FBEC3D /* Assets.swift */; };
		B54999EF20152A1700FBEC3D /* Exchanges.swift in Sources */ = {isa = PBXBuildFile; fileRef = B54999E020152A1600FBEC3D /* Exchanges.swift */; };
		B54999F020152A1700FBEC3D /* Exchanges.swift in Sources */ = {isa = PBXBuildFile; fileRef = B54999E020152A1600FBEC3D /* Exchanges.swift */; };
		B54999F120152A1700FBEC3D /* Cryptowatcher+Assets.swift in Sources */ = {isa = PBXBuildFile; fileRef = B54999E120152A1600FBEC3D /* Cryptowatcher+Assets.swift */; };
		B54999F220152A1700FBEC3D /* Cryptowatcher+Assets.swift in Sources */ = {isa = PBXBuildFile; fileRef = B54999E120152A1600FBEC3D /* Cryptowatcher+Assets.swift */; };
		B54999F320152A1700FBEC3D /* Dictionary+QueryString.swift in Sources */ = {isa = PBXBuildFile; fileRef = B54999E220152A1600FBEC3D /* Dictionary+QueryString.swift */; };
		B54999F420152A1700FBEC3D /* Dictionary+QueryString.swift in Sources */ = {isa = PBXBuildFile; fileRef = B54999E220152A1600FBEC3D /* Dictionary+QueryString.swift */; };
		B54999F520152A1700FBEC3D /* Pairs.swift in Sources */ = {isa = PBXBuildFile; fileRef = B54999E320152A1600FBEC3D /* Pairs.swift */; };
		B54999F620152A1700FBEC3D /* Pairs.swift in Sources */ = {isa = PBXBuildFile; fileRef = B54999E320152A1600FBEC3D /* Pairs.swift */; };
		B54999F720152A1700FBEC3D /* Cryptowatcher+Exchanges.swift in Sources */ = {isa = PBXBuildFile; fileRef = B54999E420152A1600FBEC3D /* Cryptowatcher+Exchanges.swift */; };
		B54999F820152A1700FBEC3D /* Cryptowatcher+Exchanges.swift in Sources */ = {isa = PBXBuildFile; fileRef = B54999E420152A1600FBEC3D /* Cryptowatcher+Exchanges.swift */; };
		B54999F920152A1700FBEC3D /* Cryptowatcher+Markets.swift in Sources */ = {isa = PBXBuildFile; fileRef = B54999E520152A1600FBEC3D /* Cryptowatcher+Markets.swift */; };
		B54999FA20152A1700FBEC3D /* Cryptowatcher+Markets.swift in Sources */ = {isa = PBXBuildFile; fileRef = B54999E520152A1600FBEC3D /* Cryptowatcher+Markets.swift */; };
		B54999FB20152A1700FBEC3D /* Cryptowatcher+Pairs.swift in Sources */ = {isa = PBXBuildFile; fileRef = B54999E620152A1600FBEC3D /* Cryptowatcher+Pairs.swift */; };
		B54999FC20152A1700FBEC3D /* Cryptowatcher+Pairs.swift in Sources */ = {isa = PBXBuildFile; fileRef = B54999E620152A1600FBEC3D /* Cryptowatcher+Pairs.swift */; };
		B54999FD20152A1700FBEC3D /* Fetchable.swift in Sources */ = {isa = PBXBuildFile; fileRef = B54999E720152A1700FBEC3D /* Fetchable.swift */; };
		B54999FE20152A1700FBEC3D /* Fetchable.swift in Sources */ = {isa = PBXBuildFile; fileRef = B54999E720152A1700FBEC3D /* Fetchable.swift */; };
		B54999FF20152A1700FBEC3D /* Aggregates.swift in Sources */ = {isa = PBXBuildFile; fileRef = B54999E820152A1700FBEC3D /* Aggregates.swift */; };
		B5499A0020152A1700FBEC3D /* Aggregates.swift in Sources */ = {isa = PBXBuildFile; fileRef = B54999E820152A1700FBEC3D /* Aggregates.swift */; };
		B5499A0120152A1700FBEC3D /* Cryptowatcher.swift in Sources */ = {isa = PBXBuildFile; fileRef = B54999E920152A1700FBEC3D /* Cryptowatcher.swift */; };
		B5499A0220152A1700FBEC3D /* Cryptowatcher.swift in Sources */ = {isa = PBXBuildFile; fileRef = B54999E920152A1700FBEC3D /* Cryptowatcher.swift */; };
		B5499A0320152A1700FBEC3D /* Markets.swift in Sources */ = {isa = PBXBuildFile; fileRef = B54999EA20152A1700FBEC3D /* Markets.swift */; };
		B5499A0420152A1700FBEC3D /* Markets.swift in Sources */ = {isa = PBXBuildFile; fileRef = B54999EA20152A1700FBEC3D /* Markets.swift */; };
		B5499A0B20152B5500FBEC3D /* CryptowatcherTests.swift in Sources */ = {isa = PBXBuildFile; fileRef = B5499A0A20152B5500FBEC3D /* CryptowatcherTests.swift */; };
		B5499A0C20152C0200FBEC3D /* then.framework in Frameworks */ = {isa = PBXBuildFile; fileRef = B54999B12015279400FBEC3D /* then.framework */; };
		B5499A1E20152D1300FBEC3D /* getExchange.json in Resources */ = {isa = PBXBuildFile; fileRef = B5499A0E20152D1200FBEC3D /* getExchange.json */; };
		B5499A1F20152D1300FBEC3D /* getAggregateSummaries.json in Resources */ = {isa = PBXBuildFile; fileRef = B5499A0F20152D1200FBEC3D /* getAggregateSummaries.json */; };
		B5499A2020152D1300FBEC3D /* getApiInfo.json in Resources */ = {isa = PBXBuildFile; fileRef = B5499A1020152D1200FBEC3D /* getApiInfo.json */; };
		B5499A2120152D1300FBEC3D /* getMarketTrades.json in Resources */ = {isa = PBXBuildFile; fileRef = B5499A1120152D1200FBEC3D /* getMarketTrades.json */; };
		B5499A2220152D1300FBEC3D /* getPair.json in Resources */ = {isa = PBXBuildFile; fileRef = B5499A1220152D1200FBEC3D /* getPair.json */; };
		B5499A2320152D1300FBEC3D /* getPairIndex.json in Resources */ = {isa = PBXBuildFile; fileRef = B5499A1320152D1200FBEC3D /* getPairIndex.json */; };
		B5499A2420152D1300FBEC3D /* getAssetIndex.json in Resources */ = {isa = PBXBuildFile; fileRef = B5499A1420152D1200FBEC3D /* getAssetIndex.json */; };
		B5499A2520152D1300FBEC3D /* getAsset.json in Resources */ = {isa = PBXBuildFile; fileRef = B5499A1520152D1200FBEC3D /* getAsset.json */; };
		B5499A2620152D1300FBEC3D /* getMarket.json in Resources */ = {isa = PBXBuildFile; fileRef = B5499A1620152D1200FBEC3D /* getMarket.json */; };
		B5499A2720152D1300FBEC3D /* getMarketPrice.json in Resources */ = {isa = PBXBuildFile; fileRef = B5499A1720152D1300FBEC3D /* getMarketPrice.json */; };
		B5499A2820152D1300FBEC3D /* getMarketOHLC.json in Resources */ = {isa = PBXBuildFile; fileRef = B5499A1820152D1300FBEC3D /* getMarketOHLC.json */; };
		B5499A2920152D1300FBEC3D /* getMarketOrderBook.json in Resources */ = {isa = PBXBuildFile; fileRef = B5499A1920152D1300FBEC3D /* getMarketOrderBook.json */; };
		B5499A2A20152D1300FBEC3D /* getExchangeIndex.json in Resources */ = {isa = PBXBuildFile; fileRef = B5499A1A20152D1300FBEC3D /* getExchangeIndex.json */; };
		B5499A2B20152D1300FBEC3D /* getMarketIndex.json in Resources */ = {isa = PBXBuildFile; fileRef = B5499A1B20152D1300FBEC3D /* getMarketIndex.json */; };
		B5499A2C20152D1300FBEC3D /* getAggregatePrices.json in Resources */ = {isa = PBXBuildFile; fileRef = B5499A1C20152D1300FBEC3D /* getAggregatePrices.json */; };
		B5499A2D20152D1300FBEC3D /* getMarketSummary.json in Resources */ = {isa = PBXBuildFile; fileRef = B5499A1D20152D1300FBEC3D /* getMarketSummary.json */; };
/* End PBXBuildFile section */

/* Begin PBXContainerItemProxy section */
		B5499973201525B300FBEC3D /* PBXContainerItemProxy */ = {
			isa = PBXContainerItemProxy;
			containerPortal = B5499956201525B300FBEC3D /* Project object */;
			proxyType = 1;
			remoteGlobalIDString = B549995D201525B300FBEC3D;
			remoteInfo = Cryptowatcher;
		};
/* End PBXContainerItemProxy section */

/* Begin PBXFileReference section */
		B52A289E20152EAD00B9FAB6 /* TestHelpers.swift */ = {isa = PBXFileReference; lastKnownFileType = sourcecode.swift; path = TestHelpers.swift; sourceTree = "<group>"; };
		B549995E201525B300FBEC3D /* Cryptowatcher.app */ = {isa = PBXFileReference; explicitFileType = wrapper.application; includeInIndex = 0; path = Cryptowatcher.app; sourceTree = BUILT_PRODUCTS_DIR; };
		B549996D201525B300FBEC3D /* Info.plist */ = {isa = PBXFileReference; lastKnownFileType = text.plist.xml; path = Info.plist; sourceTree = "<group>"; };
		B5499972201525B300FBEC3D /* CryptowatcherTests.xctest */ = {isa = PBXFileReference; explicitFileType = wrapper.cfbundle; includeInIndex = 0; path = CryptowatcherTests.xctest; sourceTree = BUILT_PRODUCTS_DIR; };
		B5499978201525B300FBEC3D /* Info.plist */ = {isa = PBXFileReference; lastKnownFileType = text.plist.xml; path = Info.plist; sourceTree = "<group>"; };
		B54999B12015279400FBEC3D /* then.framework */ = {isa = PBXFileReference; lastKnownFileType = wrapper.framework; name = then.framework; path = Carthage/Build/iOS/then.framework; sourceTree = "<group>"; };
		B54999B42015291000FBEC3D /* AppDelegate.swift */ = {isa = PBXFileReference; fileEncoding = 4; lastKnownFileType = sourcecode.swift; path = AppDelegate.swift; sourceTree = "<group>"; };
		B54999DE20152A1600FBEC3D /* Cryptowatcher+Aggregates.swift */ = {isa = PBXFileReference; fileEncoding = 4; lastKnownFileType = sourcecode.swift; path = "Cryptowatcher+Aggregates.swift"; sourceTree = "<group>"; };
		B54999DF20152A1600FBEC3D /* Assets.swift */ = {isa = PBXFileReference; fileEncoding = 4; lastKnownFileType = sourcecode.swift; path = Assets.swift; sourceTree = "<group>"; };
		B54999E020152A1600FBEC3D /* Exchanges.swift */ = {isa = PBXFileReference; fileEncoding = 4; lastKnownFileType = sourcecode.swift; path = Exchanges.swift; sourceTree = "<group>"; };
		B54999E120152A1600FBEC3D /* Cryptowatcher+Assets.swift */ = {isa = PBXFileReference; fileEncoding = 4; lastKnownFileType = sourcecode.swift; path = "Cryptowatcher+Assets.swift"; sourceTree = "<group>"; };
		B54999E220152A1600FBEC3D /* Dictionary+QueryString.swift */ = {isa = PBXFileReference; fileEncoding = 4; lastKnownFileType = sourcecode.swift; path = "Dictionary+QueryString.swift"; sourceTree = "<group>"; };
		B54999E320152A1600FBEC3D /* Pairs.swift */ = {isa = PBXFileReference; fileEncoding = 4; lastKnownFileType = sourcecode.swift; path = Pairs.swift; sourceTree = "<group>"; };
		B54999E420152A1600FBEC3D /* Cryptowatcher+Exchanges.swift */ = {isa = PBXFileReference; fileEncoding = 4; lastKnownFileType = sourcecode.swift; path = "Cryptowatcher+Exchanges.swift"; sourceTree = "<group>"; };
		B54999E520152A1600FBEC3D /* Cryptowatcher+Markets.swift */ = {isa = PBXFileReference; fileEncoding = 4; lastKnownFileType = sourcecode.swift; path = "Cryptowatcher+Markets.swift"; sourceTree = "<group>"; };
		B54999E620152A1600FBEC3D /* Cryptowatcher+Pairs.swift */ = {isa = PBXFileReference; fileEncoding = 4; lastKnownFileType = sourcecode.swift; path = "Cryptowatcher+Pairs.swift"; sourceTree = "<group>"; };
		B54999E720152A1700FBEC3D /* Fetchable.swift */ = {isa = PBXFileReference; fileEncoding = 4; lastKnownFileType = sourcecode.swift; path = Fetchable.swift; sourceTree = "<group>"; };
		B54999E820152A1700FBEC3D /* Aggregates.swift */ = {isa = PBXFileReference; fileEncoding = 4; lastKnownFileType = sourcecode.swift; path = Aggregates.swift; sourceTree = "<group>"; };
		B54999E920152A1700FBEC3D /* Cryptowatcher.swift */ = {isa = PBXFileReference; fileEncoding = 4; lastKnownFileType = sourcecode.swift; path = Cryptowatcher.swift; sourceTree = "<group>"; };
		B54999EA20152A1700FBEC3D /* Markets.swift */ = {isa = PBXFileReference; fileEncoding = 4; lastKnownFileType = sourcecode.swift; path = Markets.swift; sourceTree = "<group>"; };
		B5499A0A20152B5500FBEC3D /* CryptowatcherTests.swift */ = {isa = PBXFileReference; fileEncoding = 4; lastKnownFileType = sourcecode.swift; path = CryptowatcherTests.swift; sourceTree = "<group>"; };
		B5499A0E20152D1200FBEC3D /* getExchange.json */ = {isa = PBXFileReference; fileEncoding = 4; lastKnownFileType = text.json; path = getExchange.json; sourceTree = "<group>"; };
		B5499A0F20152D1200FBEC3D /* getAggregateSummaries.json */ = {isa = PBXFileReference; fileEncoding = 4; lastKnownFileType = text.json; path = getAggregateSummaries.json; sourceTree = "<group>"; };
		B5499A1020152D1200FBEC3D /* getApiInfo.json */ = {isa = PBXFileReference; fileEncoding = 4; lastKnownFileType = text.json; path = getApiInfo.json; sourceTree = "<group>"; };
		B5499A1120152D1200FBEC3D /* getMarketTrades.json */ = {isa = PBXFileReference; fileEncoding = 4; lastKnownFileType = text.json; path = getMarketTrades.json; sourceTree = "<group>"; };
		B5499A1220152D1200FBEC3D /* getPair.json */ = {isa = PBXFileReference; fileEncoding = 4; lastKnownFileType = text.json; path = getPair.json; sourceTree = "<group>"; };
		B5499A1320152D1200FBEC3D /* getPairIndex.json */ = {isa = PBXFileReference; fileEncoding = 4; lastKnownFileType = text.json; path = getPairIndex.json; sourceTree = "<group>"; };
		B5499A1420152D1200FBEC3D /* getAssetIndex.json */ = {isa = PBXFileReference; fileEncoding = 4; lastKnownFileType = text.json; path = getAssetIndex.json; sourceTree = "<group>"; };
		B5499A1520152D1200FBEC3D /* getAsset.json */ = {isa = PBXFileReference; fileEncoding = 4; lastKnownFileType = text.json; path = getAsset.json; sourceTree = "<group>"; };
		B5499A1620152D1200FBEC3D /* getMarket.json */ = {isa = PBXFileReference; fileEncoding = 4; lastKnownFileType = text.json; path = getMarket.json; sourceTree = "<group>"; };
		B5499A1720152D1300FBEC3D /* getMarketPrice.json */ = {isa = PBXFileReference; fileEncoding = 4; lastKnownFileType = text.json; path = getMarketPrice.json; sourceTree = "<group>"; };
		B5499A1820152D1300FBEC3D /* getMarketOHLC.json */ = {isa = PBXFileReference; fileEncoding = 4; lastKnownFileType = text.json; path = getMarketOHLC.json; sourceTree = "<group>"; };
		B5499A1920152D1300FBEC3D /* getMarketOrderBook.json */ = {isa = PBXFileReference; fileEncoding = 4; lastKnownFileType = text.json; path = getMarketOrderBook.json; sourceTree = "<group>"; };
		B5499A1A20152D1300FBEC3D /* getExchangeIndex.json */ = {isa = PBXFileReference; fileEncoding = 4; lastKnownFileType = text.json; path = getExchangeIndex.json; sourceTree = "<group>"; };
		B5499A1B20152D1300FBEC3D /* getMarketIndex.json */ = {isa = PBXFileReference; fileEncoding = 4; lastKnownFileType = text.json; path = getMarketIndex.json; sourceTree = "<group>"; };
		B5499A1C20152D1300FBEC3D /* getAggregatePrices.json */ = {isa = PBXFileReference; fileEncoding = 4; lastKnownFileType = text.json; path = getAggregatePrices.json; sourceTree = "<group>"; };
		B5499A1D20152D1300FBEC3D /* getMarketSummary.json */ = {isa = PBXFileReference; fileEncoding = 4; lastKnownFileType = text.json; path = getMarketSummary.json; sourceTree = "<group>"; };
/* End PBXFileReference section */

/* Begin PBXFrameworksBuildPhase section */
		B549995B201525B300FBEC3D /* Frameworks */ = {
			isa = PBXFrameworksBuildPhase;
			buildActionMask = 2147483647;
			files = (
				B54999B22015279400FBEC3D /* then.framework in Frameworks */,
			);
			runOnlyForDeploymentPostprocessing = 0;
		};
		B549996F201525B300FBEC3D /* Frameworks */ = {
			isa = PBXFrameworksBuildPhase;
			buildActionMask = 2147483647;
			files = (
				B5499A0C20152C0200FBEC3D /* then.framework in Frameworks */,
			);
			runOnlyForDeploymentPostprocessing = 0;
		};
/* End PBXFrameworksBuildPhase section */

/* Begin PBXGroup section */
		B5499955201525B300FBEC3D = {
			isa = PBXGroup;
			children = (
				B5499960201525B300FBEC3D /* Cryptowatcher */,
				B5499975201525B300FBEC3D /* CryptowatcherTests */,
				B549995F201525B300FBEC3D /* Products */,
				B54999B02015279400FBEC3D /* Frameworks */,
			);
			sourceTree = "<group>";
		};
		B549995F201525B300FBEC3D /* Products */ = {
			isa = PBXGroup;
			children = (
				B549995E201525B300FBEC3D /* Cryptowatcher.app */,
				B5499972201525B300FBEC3D /* CryptowatcherTests.xctest */,
			);
			name = Products;
			sourceTree = "<group>";
		};
		B5499960201525B300FBEC3D /* Cryptowatcher */ = {
			isa = PBXGroup;
			children = (
				B54999E820152A1700FBEC3D /* Aggregates.swift */,
				B54999DF20152A1600FBEC3D /* Assets.swift */,
				B54999E920152A1700FBEC3D /* Cryptowatcher.swift */,
				B54999DE20152A1600FBEC3D /* Cryptowatcher+Aggregates.swift */,
				B54999E120152A1600FBEC3D /* Cryptowatcher+Assets.swift */,
				B54999E420152A1600FBEC3D /* Cryptowatcher+Exchanges.swift */,
				B54999E520152A1600FBEC3D /* Cryptowatcher+Markets.swift */,
				B54999E620152A1600FBEC3D /* Cryptowatcher+Pairs.swift */,
				B54999E220152A1600FBEC3D /* Dictionary+QueryString.swift */,
				B54999E020152A1600FBEC3D /* Exchanges.swift */,
				B54999E720152A1700FBEC3D /* Fetchable.swift */,
				B54999EA20152A1700FBEC3D /* Markets.swift */,
				B54999E320152A1600FBEC3D /* Pairs.swift */,
				B54999B42015291000FBEC3D /* AppDelegate.swift */,
				B549996D201525B300FBEC3D /* Info.plist */,
			);
			path = Cryptowatcher;
			sourceTree = "<group>";
		};
		B5499975201525B300FBEC3D /* CryptowatcherTests */ = {
			isa = PBXGroup;
			children = (
				B5499A0D20152C6500FBEC3D /* Fixtures */,
				B5499A0A20152B5500FBEC3D /* CryptowatcherTests.swift */,
				B52A289E20152EAD00B9FAB6 /* TestHelpers.swift */,
				B5499978201525B300FBEC3D /* Info.plist */,
			);
			path = CryptowatcherTests;
			sourceTree = "<group>";
		};
		B54999B02015279400FBEC3D /* Frameworks */ = {
			isa = PBXGroup;
			children = (
				B54999B12015279400FBEC3D /* then.framework */,
			);
			name = Frameworks;
			sourceTree = "<group>";
		};
		B5499A0D20152C6500FBEC3D /* Fixtures */ = {
			isa = PBXGroup;
			children = (
				B5499A1C20152D1300FBEC3D /* getAggregatePrices.json */,
				B5499A0F20152D1200FBEC3D /* getAggregateSummaries.json */,
				B5499A1020152D1200FBEC3D /* getApiInfo.json */,
				B5499A1520152D1200FBEC3D /* getAsset.json */,
				B5499A1420152D1200FBEC3D /* getAssetIndex.json */,
				B5499A0E20152D1200FBEC3D /* getExchange.json */,
				B5499A1A20152D1300FBEC3D /* getExchangeIndex.json */,
				B5499A1620152D1200FBEC3D /* getMarket.json */,
				B5499A1B20152D1300FBEC3D /* getMarketIndex.json */,
				B5499A1820152D1300FBEC3D /* getMarketOHLC.json */,
				B5499A1920152D1300FBEC3D /* getMarketOrderBook.json */,
				B5499A1720152D1300FBEC3D /* getMarketPrice.json */,
				B5499A1D20152D1300FBEC3D /* getMarketSummary.json */,
				B5499A1120152D1200FBEC3D /* getMarketTrades.json */,
				B5499A1220152D1200FBEC3D /* getPair.json */,
				B5499A1320152D1200FBEC3D /* getPairIndex.json */,
			);
			path = Fixtures;
			sourceTree = "<group>";
		};
/* End PBXGroup section */

/* Begin PBXNativeTarget section */
		B549995D201525B300FBEC3D /* Cryptowatcher */ = {
			isa = PBXNativeTarget;
			buildConfigurationList = B549997B201525B300FBEC3D /* Build configuration list for PBXNativeTarget "Cryptowatcher" */;
			buildPhases = (
				B549995A201525B300FBEC3D /* Sources */,
				B549995B201525B300FBEC3D /* Frameworks */,
				B549995C201525B300FBEC3D /* Resources */,
				B54999B3201527BC00FBEC3D /* ShellScript */,
			);
			buildRules = (
			);
			dependencies = (
			);
			name = Cryptowatcher;
			productName = Cryptowatcher;
			productReference = B549995E201525B300FBEC3D /* Cryptowatcher.app */;
			productType = "com.apple.product-type.application";
		};
		B5499971201525B300FBEC3D /* CryptowatcherTests */ = {
			isa = PBXNativeTarget;
			buildConfigurationList = B549997E201525B300FBEC3D /* Build configuration list for PBXNativeTarget "CryptowatcherTests" */;
			buildPhases = (
				B549996E201525B300FBEC3D /* Sources */,
				B549996F201525B300FBEC3D /* Frameworks */,
				B5499970201525B300FBEC3D /* Resources */,
			);
			buildRules = (
			);
			dependencies = (
				B5499974201525B300FBEC3D /* PBXTargetDependency */,
			);
			name = CryptowatcherTests;
			productName = CryptowatcherTests;
			productReference = B5499972201525B300FBEC3D /* CryptowatcherTests.xctest */;
			productType = "com.apple.product-type.bundle.unit-test";
		};
/* End PBXNativeTarget section */

/* Begin PBXProject section */
		B5499956201525B300FBEC3D /* Project object */ = {
			isa = PBXProject;
			attributes = {
				LastSwiftUpdateCheck = 0920;
				LastUpgradeCheck = 0920;
				ORGANIZATIONNAME = Ben;
				TargetAttributes = {
					B549995D201525B300FBEC3D = {
						CreatedOnToolsVersion = 9.2;
						ProvisioningStyle = Automatic;
					};
					B5499971201525B300FBEC3D = {
						CreatedOnToolsVersion = 9.2;
						ProvisioningStyle = Automatic;
						TestTargetID = B549995D201525B300FBEC3D;
					};
				};
			};
			buildConfigurationList = B5499959201525B300FBEC3D /* Build configuration list for PBXProject "Cryptowatcher" */;
			compatibilityVersion = "Xcode 8.0";
			developmentRegion = en;
			hasScannedForEncodings = 0;
			knownRegions = (
				en,
				Base,
			);
			mainGroup = B5499955201525B300FBEC3D;
			productRefGroup = B549995F201525B300FBEC3D /* Products */;
			projectDirPath = "";
			projectRoot = "";
			targets = (
				B549995D201525B300FBEC3D /* Cryptowatcher */,
				B5499971201525B300FBEC3D /* CryptowatcherTests */,
			);
		};
/* End PBXProject section */

/* Begin PBXResourcesBuildPhase section */
		B549995C201525B300FBEC3D /* Resources */ = {
			isa = PBXResourcesBuildPhase;
			buildActionMask = 2147483647;
			files = (
			);
			runOnlyForDeploymentPostprocessing = 0;
		};
		B5499970201525B300FBEC3D /* Resources */ = {
			isa = PBXResourcesBuildPhase;
			buildActionMask = 2147483647;
			files = (
				B5499A2620152D1300FBEC3D /* getMarket.json in Resources */,
				B5499A2020152D1300FBEC3D /* getApiInfo.json in Resources */,
				B5499A2A20152D1300FBEC3D /* getExchangeIndex.json in Resources */,
				B5499A2920152D1300FBEC3D /* getMarketOrderBook.json in Resources */,
				B5499A1E20152D1300FBEC3D /* getExchange.json in Resources */,
				B5499A2B20152D1300FBEC3D /* getMarketIndex.json in Resources */,
				B5499A1F20152D1300FBEC3D /* getAggregateSummaries.json in Resources */,
				B5499A2720152D1300FBEC3D /* getMarketPrice.json in Resources */,
				B5499A2320152D1300FBEC3D /* getPairIndex.json in Resources */,
				B5499A2220152D1300FBEC3D /* getPair.json in Resources */,
				B5499A2520152D1300FBEC3D /* getAsset.json in Resources */,
				B5499A2120152D1300FBEC3D /* getMarketTrades.json in Resources */,
				B5499A2420152D1300FBEC3D /* getAssetIndex.json in Resources */,
				B5499A2820152D1300FBEC3D /* getMarketOHLC.json in Resources */,
				B5499A2C20152D1300FBEC3D /* getAggregatePrices.json in Resources */,
				B5499A2D20152D1300FBEC3D /* getMarketSummary.json in Resources */,
			);
			runOnlyForDeploymentPostprocessing = 0;
		};
/* End PBXResourcesBuildPhase section */

/* Begin PBXShellScriptBuildPhase section */
		B54999B3201527BC00FBEC3D /* ShellScript */ = {
			isa = PBXShellScriptBuildPhase;
			buildActionMask = 2147483647;
			files = (
			);
			inputPaths = (
				"$(SRCROOT)/Carthage/Build/iOS/then.framework",
			);
			outputPaths = (
				"$(BUILT_PRODUCTS_DIR)/$(FRAMEWORKS_FOLDER_PATH)/then.framework",
			);
			runOnlyForDeploymentPostprocessing = 0;
			shellPath = /bin/sh;
			shellScript = "/usr/local/bin/carthage copy-frameworks";
		};
/* End PBXShellScriptBuildPhase section */

/* Begin PBXSourcesBuildPhase section */
		B549995A201525B300FBEC3D /* Sources */ = {
			isa = PBXSourcesBuildPhase;
			buildActionMask = 2147483647;
			files = (
				B54999F720152A1700FBEC3D /* Cryptowatcher+Exchanges.swift in Sources */,
				B54999FF20152A1700FBEC3D /* Aggregates.swift in Sources */,
				B54999F520152A1700FBEC3D /* Pairs.swift in Sources */,
				B54999F120152A1700FBEC3D /* Cryptowatcher+Assets.swift in Sources */,
				B54999FB20152A1700FBEC3D /* Cryptowatcher+Pairs.swift in Sources */,
				B54999F320152A1700FBEC3D /* Dictionary+QueryString.swift in Sources */,
				B54999FD20152A1700FBEC3D /* Fetchable.swift in Sources */,
				B54999F920152A1700FBEC3D /* Cryptowatcher+Markets.swift in Sources */,
				B54999EF20152A1700FBEC3D /* Exchanges.swift in Sources */,
				B5499A0320152A1700FBEC3D /* Markets.swift in Sources */,
				B5499A0120152A1700FBEC3D /* Cryptowatcher.swift in Sources */,
				B54999B52015291000FBEC3D /* AppDelegate.swift in Sources */,
				B54999EB20152A1700FBEC3D /* Cryptowatcher+Aggregates.swift in Sources */,
				B54999ED20152A1700FBEC3D /* Assets.swift in Sources */,
			);
			runOnlyForDeploymentPostprocessing = 0;
		};
		B549996E201525B300FBEC3D /* Sources */ = {
			isa = PBXSourcesBuildPhase;
			buildActionMask = 2147483647;
			files = (
				B54999FE20152A1700FBEC3D /* Fetchable.swift in Sources */,
				B54999EC20152A1700FBEC3D /* Cryptowatcher+Aggregates.swift in Sources */,
				B54999B62015291000FBEC3D /* AppDelegate.swift in Sources */,
				B54999F220152A1700FBEC3D /* Cryptowatcher+Assets.swift in Sources */,
				B5499A0020152A1700FBEC3D /* Aggregates.swift in Sources */,
				B54999F420152A1700FBEC3D /* Dictionary+QueryString.swift in Sources */,
				B52A289F20152EAD00B9FAB6 /* TestHelpers.swift in Sources */,
				B54999EE20152A1700FBEC3D /* Assets.swift in Sources */,
				B54999F620152A1700FBEC3D /* Pairs.swift in Sources */,
				B54999FC20152A1700FBEC3D /* Cryptowatcher+Pairs.swift in Sources */,
				B54999F020152A1700FBEC3D /* Exchanges.swift in Sources */,
				B5499A0220152A1700FBEC3D /* Cryptowatcher.swift in Sources */,
				B54999F820152A1700FBEC3D /* Cryptowatcher+Exchanges.swift in Sources */,
				B5499A0B20152B5500FBEC3D /* CryptowatcherTests.swift in Sources */,
				B5499A0420152A1700FBEC3D /* Markets.swift in Sources */,
				B54999FA20152A1700FBEC3D /* Cryptowatcher+Markets.swift in Sources */,
			);
			runOnlyForDeploymentPostprocessing = 0;
		};
/* End PBXSourcesBuildPhase section */

/* Begin PBXTargetDependency section */
		B5499974201525B300FBEC3D /* PBXTargetDependency */ = {
			isa = PBXTargetDependency;
			target = B549995D201525B300FBEC3D /* Cryptowatcher */;
			targetProxy = B5499973201525B300FBEC3D /* PBXContainerItemProxy */;
		};
/* End PBXTargetDependency section */

/* Begin XCBuildConfiguration section */
		B5499979201525B300FBEC3D /* Debug */ = {
			isa = XCBuildConfiguration;
			buildSettings = {
				ALWAYS_SEARCH_USER_PATHS = NO;
				CLANG_ANALYZER_NONNULL = YES;
				CLANG_ANALYZER_NUMBER_OBJECT_CONVERSION = YES_AGGRESSIVE;
				CLANG_CXX_LANGUAGE_STANDARD = "gnu++14";
				CLANG_CXX_LIBRARY = "libc++";
				CLANG_ENABLE_MODULES = YES;
				CLANG_ENABLE_OBJC_ARC = YES;
				CLANG_WARN_BLOCK_CAPTURE_AUTORELEASING = YES;
				CLANG_WARN_BOOL_CONVERSION = YES;
				CLANG_WARN_COMMA = YES;
				CLANG_WARN_CONSTANT_CONVERSION = YES;
				CLANG_WARN_DIRECT_OBJC_ISA_USAGE = YES_ERROR;
				CLANG_WARN_DOCUMENTATION_COMMENTS = YES;
				CLANG_WARN_EMPTY_BODY = YES;
				CLANG_WARN_ENUM_CONVERSION = YES;
				CLANG_WARN_INFINITE_RECURSION = YES;
				CLANG_WARN_INT_CONVERSION = YES;
				CLANG_WARN_NON_LITERAL_NULL_CONVERSION = YES;
				CLANG_WARN_OBJC_LITERAL_CONVERSION = YES;
				CLANG_WARN_OBJC_ROOT_CLASS = YES_ERROR;
				CLANG_WARN_RANGE_LOOP_ANALYSIS = YES;
				CLANG_WARN_STRICT_PROTOTYPES = YES;
				CLANG_WARN_SUSPICIOUS_MOVE = YES;
				CLANG_WARN_UNGUARDED_AVAILABILITY = YES_AGGRESSIVE;
				CLANG_WARN_UNREACHABLE_CODE = YES;
				CLANG_WARN__DUPLICATE_METHOD_MATCH = YES;
				CODE_SIGN_IDENTITY = "iPhone Developer";
				COPY_PHASE_STRIP = NO;
				DEBUG_INFORMATION_FORMAT = dwarf;
				ENABLE_STRICT_OBJC_MSGSEND = YES;
				ENABLE_TESTABILITY = YES;
				GCC_C_LANGUAGE_STANDARD = gnu11;
				GCC_DYNAMIC_NO_PIC = NO;
				GCC_NO_COMMON_BLOCKS = YES;
				GCC_OPTIMIZATION_LEVEL = 0;
				GCC_PREPROCESSOR_DEFINITIONS = (
					"DEBUG=1",
					"$(inherited)",
				);
				GCC_WARN_64_TO_32_BIT_CONVERSION = YES;
				GCC_WARN_ABOUT_RETURN_TYPE = YES_ERROR;
				GCC_WARN_UNDECLARED_SELECTOR = YES;
				GCC_WARN_UNINITIALIZED_AUTOS = YES_AGGRESSIVE;
				GCC_WARN_UNUSED_FUNCTION = YES;
				GCC_WARN_UNUSED_VARIABLE = YES;
				IPHONEOS_DEPLOYMENT_TARGET = 11.2;
				MTL_ENABLE_DEBUG_INFO = YES;
				ONLY_ACTIVE_ARCH = YES;
				SDKROOT = iphoneos;
				SWIFT_ACTIVE_COMPILATION_CONDITIONS = DEBUG;
				SWIFT_OPTIMIZATION_LEVEL = "-Onone";
			};
			name = Debug;
		};
		B549997A201525B300FBEC3D /* Release */ = {
			isa = XCBuildConfiguration;
			buildSettings = {
				ALWAYS_SEARCH_USER_PATHS = NO;
				CLANG_ANALYZER_NONNULL = YES;
				CLANG_ANALYZER_NUMBER_OBJECT_CONVERSION = YES_AGGRESSIVE;
				CLANG_CXX_LANGUAGE_STANDARD = "gnu++14";
				CLANG_CXX_LIBRARY = "libc++";
				CLANG_ENABLE_MODULES = YES;
				CLANG_ENABLE_OBJC_ARC = YES;
				CLANG_WARN_BLOCK_CAPTURE_AUTORELEASING = YES;
				CLANG_WARN_BOOL_CONVERSION = YES;
				CLANG_WARN_COMMA = YES;
				CLANG_WARN_CONSTANT_CONVERSION = YES;
				CLANG_WARN_DIRECT_OBJC_ISA_USAGE = YES_ERROR;
				CLANG_WARN_DOCUMENTATION_COMMENTS = YES;
				CLANG_WARN_EMPTY_BODY = YES;
				CLANG_WARN_ENUM_CONVERSION = YES;
				CLANG_WARN_INFINITE_RECURSION = YES;
				CLANG_WARN_INT_CONVERSION = YES;
				CLANG_WARN_NON_LITERAL_NULL_CONVERSION = YES;
				CLANG_WARN_OBJC_LITERAL_CONVERSION = YES;
				CLANG_WARN_OBJC_ROOT_CLASS = YES_ERROR;
				CLANG_WARN_RANGE_LOOP_ANALYSIS = YES;
				CLANG_WARN_STRICT_PROTOTYPES = YES;
				CLANG_WARN_SUSPICIOUS_MOVE = YES;
				CLANG_WARN_UNGUARDED_AVAILABILITY = YES_AGGRESSIVE;
				CLANG_WARN_UNREACHABLE_CODE = YES;
				CLANG_WARN__DUPLICATE_METHOD_MATCH = YES;
				CODE_SIGN_IDENTITY = "iPhone Developer";
				COPY_PHASE_STRIP = NO;
				DEBUG_INFORMATION_FORMAT = "dwarf-with-dsym";
				ENABLE_NS_ASSERTIONS = NO;
				ENABLE_STRICT_OBJC_MSGSEND = YES;
				GCC_C_LANGUAGE_STANDARD = gnu11;
				GCC_NO_COMMON_BLOCKS = YES;
				GCC_WARN_64_TO_32_BIT_CONVERSION = YES;
				GCC_WARN_ABOUT_RETURN_TYPE = YES_ERROR;
				GCC_WARN_UNDECLARED_SELECTOR = YES;
				GCC_WARN_UNINITIALIZED_AUTOS = YES_AGGRESSIVE;
				GCC_WARN_UNUSED_FUNCTION = YES;
				GCC_WARN_UNUSED_VARIABLE = YES;
				IPHONEOS_DEPLOYMENT_TARGET = 11.2;
				MTL_ENABLE_DEBUG_INFO = NO;
				SDKROOT = iphoneos;
				SWIFT_OPTIMIZATION_LEVEL = "-Owholemodule";
				VALIDATE_PRODUCT = YES;
			};
			name = Release;
		};
		B549997C201525B300FBEC3D /* Debug */ = {
			isa = XCBuildConfiguration;
			buildSettings = {
				ASSETCATALOG_COMPILER_APPICON_NAME = AppIcon;
				CODE_SIGN_STYLE = Automatic;
				FRAMEWORK_SEARCH_PATHS = (
					"$(inherited)",
					"$(PROJECT_DIR)/Carthage/Build/iOS",
				);
				INFOPLIST_FILE = Cryptowatcher/Info.plist;
				LD_RUNPATH_SEARCH_PATHS = "$(inherited) @executable_path/Frameworks";
				PRODUCT_BUNDLE_IDENTIFIER = benbinary.Cryptowatcher;
				PRODUCT_NAME = "$(TARGET_NAME)";
				SWIFT_VERSION = 4.0;
				TARGETED_DEVICE_FAMILY = "1,2";
			};
			name = Debug;
		};
		B549997D201525B300FBEC3D /* Release */ = {
			isa = XCBuildConfiguration;
			buildSettings = {
				ASSETCATALOG_COMPILER_APPICON_NAME = AppIcon;
				CODE_SIGN_STYLE = Automatic;
				FRAMEWORK_SEARCH_PATHS = (
					"$(inherited)",
					"$(PROJECT_DIR)/Carthage/Build/iOS",
				);
				INFOPLIST_FILE = Cryptowatcher/Info.plist;
				LD_RUNPATH_SEARCH_PATHS = "$(inherited) @executable_path/Frameworks";
				PRODUCT_BUNDLE_IDENTIFIER = benbinary.Cryptowatcher;
				PRODUCT_NAME = "$(TARGET_NAME)";
				SWIFT_VERSION = 4.0;
				TARGETED_DEVICE_FAMILY = "1,2";
			};
			name = Release;
		};
		B549997F201525B300FBEC3D /* Debug */ = {
			isa = XCBuildConfiguration;
			buildSettings = {
				ALWAYS_EMBED_SWIFT_STANDARD_LIBRARIES = YES;
				BUNDLE_LOADER = "$(TEST_HOST)";
				CODE_SIGN_STYLE = Automatic;
				FRAMEWORK_SEARCH_PATHS = (
					"$(inherited)",
					"$(PROJECT_DIR)/Carthage/Build/iOS",
				);
				INFOPLIST_FILE = CryptowatcherTests/Info.plist;
				LD_RUNPATH_SEARCH_PATHS = "$(inherited) @executable_path/Frameworks @loader_path/Frameworks";
				PRODUCT_BUNDLE_IDENTIFIER = benbinary.CryptowatcherTests;
				PRODUCT_NAME = "$(TARGET_NAME)";
				SWIFT_VERSION = 4.0;
				TARGETED_DEVICE_FAMILY = "1,2";
				TEST_HOST = "$(BUILT_PRODUCTS_DIR)/Cryptowatcher.app/Cryptowatcher";
			};
			name = Debug;
		};
		B5499980201525B300FBEC3D /* Release */ = {
			isa = XCBuildConfiguration;
			buildSettings = {
				ALWAYS_EMBED_SWIFT_STANDARD_LIBRARIES = YES;
				BUNDLE_LOADER = "$(TEST_HOST)";
				CODE_SIGN_STYLE = Automatic;
				FRAMEWORK_SEARCH_PATHS = (
					"$(inherited)",
					"$(PROJECT_DIR)/Carthage/Build/iOS",
				);
				INFOPLIST_FILE = CryptowatcherTests/Info.plist;
				LD_RUNPATH_SEARCH_PATHS = "$(inherited) @executable_path/Frameworks @loader_path/Frameworks";
				PRODUCT_BUNDLE_IDENTIFIER = benbinary.CryptowatcherTests;
				PRODUCT_NAME = "$(TARGET_NAME)";
				SWIFT_VERSION = 4.0;
				TARGETED_DEVICE_FAMILY = "1,2";
				TEST_HOST = "$(BUILT_PRODUCTS_DIR)/Cryptowatcher.app/Cryptowatcher";
			};
			name = Release;
		};
/* End XCBuildConfiguration section */

/* Begin XCConfigurationList section */
		B5499959201525B300FBEC3D /* Build configuration list for PBXProject "Cryptowatcher" */ = {
			isa = XCConfigurationList;
			buildConfigurations = (
				B5499979201525B300FBEC3D /* Debug */,
				B549997A201525B300FBEC3D /* Release */,
			);
			defaultConfigurationIsVisible = 0;
			defaultConfigurationName = Release;
		};
		B549997B201525B300FBEC3D /* Build configuration list for PBXNativeTarget "Cryptowatcher" */ = {
			isa = XCConfigurationList;
			buildConfigurations = (
				B549997C201525B300FBEC3D /* Debug */,
				B549997D201525B300FBEC3D /* Release */,
			);
			defaultConfigurationIsVisible = 0;
			defaultConfigurationName = Release;
		};
		B549997E201525B300FBEC3D /* Build configuration list for PBXNativeTarget "CryptowatcherTests" */ = {
			isa = XCConfigurationList;
			buildConfigurations = (
				B549997F201525B300FBEC3D /* Debug */,
				B5499980201525B300FBEC3D /* Release */,
			);
			defaultConfigurationIsVisible = 0;
			defaultConfigurationName = Release;
		};
/* End XCConfigurationList section */
	};
	rootObject = B5499956201525B300FBEC3D /* Project object */;
}
