// !$*UTF8*$!
{
	archiveVersion = 1;
	classes = {
	};
	objectVersion = 48;
	objects = {

/* Begin PBXBuildFile section */
		B5499962201525B300FBEC3D /* AppDelegate.swift in Sources */ = {isa = PBXBuildFile; fileRef = B5499961201525B300FBEC3D /* AppDelegate.swift */; };
		B5499964201525B300FBEC3D /* ViewController.swift in Sources */ = {isa = PBXBuildFile; fileRef = B5499963201525B300FBEC3D /* ViewController.swift */; };
		B5499967201525B300FBEC3D /* Main.storyboard in Resources */ = {isa = PBXBuildFile; fileRef = B5499965201525B300FBEC3D /* Main.storyboard */; };
		B5499969201525B300FBEC3D /* Assets.xcassets in Resources */ = {isa = PBXBuildFile; fileRef = B5499968201525B300FBEC3D /* Assets.xcassets */; };
		B549996C201525B300FBEC3D /* LaunchScreen.storyboard in Resources */ = {isa = PBXBuildFile; fileRef = B549996A201525B300FBEC3D /* LaunchScreen.storyboard */; };
		B5499977201525B300FBEC3D /* CryptowatcherTests.swift in Sources */ = {isa = PBXBuildFile; fileRef = B5499976201525B300FBEC3D /* CryptowatcherTests.swift */; };
/* End PBXBuildFile section */

/* Begin PBXContainerItemProxy section */
		B5499973201525B300FBEC3D /* PBXContainerItemProxy */ = {
			isa = PBXContainerItemProxy;
			containerPortal = B5499956201525B300FBEC3D /* Project object */;
			proxyType = 1;
			remoteGlobalIDString = B549995D201525B300FBEC3D;
			remoteInfo = Cryptowatcher;
		};
/* End PBXContainerItemProxy section */

/* Begin PBXFileReference section */
		B549995E201525B300FBEC3D /* Cryptowatcher.app */ = {isa = PBXFileReference; explicitFileType = wrapper.application; includeInIndex = 0; path = Cryptowatcher.app; sourceTree = BUILT_PRODUCTS_DIR; };
		B5499961201525B300FBEC3D /* AppDelegate.swift */ = {isa = PBXFileReference; lastKnownFileType = sourcecode.swift; path = AppDelegate.swift; sourceTree = "<group>"; };
		B5499963201525B300FBEC3D /* ViewController.swift */ = {isa = PBXFileReference; lastKnownFileType = sourcecode.swift; path = ViewController.swift; sourceTree = "<group>"; };
		B5499966201525B300FBEC3D /* Base */ = {isa = PBXFileReference; lastKnownFileType = file.storyboard; name = Base; path = Base.lproj/Main.storyboard; sourceTree = "<group>"; };
		B5499968201525B300FBEC3D /* Assets.xcassets */ = {isa = PBXFileReference; lastKnownFileType = folder.assetcatalog; path = Assets.xcassets; sourceTree = "<group>"; };
		B549996B201525B300FBEC3D /* Base */ = {isa = PBXFileReference; lastKnownFileType = file.storyboard; name = Base; path = Base.lproj/LaunchScreen.storyboard; sourceTree = "<group>"; };
		B549996D201525B300FBEC3D /* Info.plist */ = {isa = PBXFileReference; lastKnownFileType = text.plist.xml; path = Info.plist; sourceTree = "<group>"; };
		B5499972201525B300FBEC3D /* CryptowatcherTests.xctest */ = {isa = PBXFileReference; explicitFileType = wrapper.cfbundle; includeInIndex = 0; path = CryptowatcherTests.xctest; sourceTree = BUILT_PRODUCTS_DIR; };
		B5499976201525B300FBEC3D /* CryptowatcherTests.swift */ = {isa = PBXFileReference; lastKnownFileType = sourcecode.swift; path = CryptowatcherTests.swift; sourceTree = "<group>"; };
		B5499978201525B300FBEC3D /* Info.plist */ = {isa = PBXFileReference; lastKnownFileType = text.plist.xml; path = Info.plist; sourceTree = "<group>"; };
/* End PBXFileReference section */

/* Begin PBXFrameworksBuildPhase section */
		B549995B201525B300FBEC3D /* Frameworks */ = {
			isa = PBXFrameworksBuildPhase;
			buildActionMask = 2147483647;
			files = (
			);
			runOnlyForDeploymentPostprocessing = 0;
		};
		B549996F201525B300FBEC3D /* Frameworks */ = {
			isa = PBXFrameworksBuildPhase;
			buildActionMask = 2147483647;
			files = (
			);
			runOnlyForDeploymentPostprocessing = 0;
		};
/* End PBXFrameworksBuildPhase section */

/* Begin PBXGroup section */
		B5499955201525B300FBEC3D = {
			isa = PBXGroup;
			children = (
				B5499960201525B300FBEC3D /* Cryptowatcher */,
				B5499975201525B300FBEC3D /* CryptowatcherTests */,
				B549995F201525B300FBEC3D /* Products */,
			);
			sourceTree = "<group>";
		};
		B549995F201525B300FBEC3D /* Products */ = {
			isa = PBXGroup;
			children = (
				B549995E201525B300FBEC3D /* Cryptowatcher.app */,
				B5499972201525B300FBEC3D /* CryptowatcherTests.xctest */,
			);
			name = Products;
			sourceTree = "<group>";
		};
		B5499960201525B300FBEC3D /* Cryptowatcher */ = {
			isa = PBXGroup;
			children = (
				B5499961201525B300FBEC3D /* AppDelegate.swift */,
				B5499963201525B300FBEC3D /* ViewController.swift */,
				B5499965201525B300FBEC3D /* Main.storyboard */,
				B5499968201525B300FBEC3D /* Assets.xcassets */,
				B549996A201525B300FBEC3D /* LaunchScreen.storyboard */,
				B549996D201525B300FBEC3D /* Info.plist */,
			);
			path = Cryptowatcher;
			sourceTree = "<group>";
		};
		B5499975201525B300FBEC3D /* CryptowatcherTests */ = {
			isa = PBXGroup;
			children = (
				B5499976201525B300FBEC3D /* CryptowatcherTests.swift */,
				B5499978201525B300FBEC3D /* Info.plist */,
			);
			path = CryptowatcherTests;
			sourceTree = "<group>";
		};
/* End PBXGroup section */

/* Begin PBXNativeTarget section */
		B549995D201525B300FBEC3D /* Cryptowatcher */ = {
			isa = PBXNativeTarget;
			buildConfigurationList = B549997B201525B300FBEC3D /* Build configuration list for PBXNativeTarget "Cryptowatcher" */;
			buildPhases = (
				B549995A201525B300FBEC3D /* Sources */,
				B549995B201525B300FBEC3D /* Frameworks */,
				B549995C201525B300FBEC3D /* Resources */,
			);
			buildRules = (
			);
			dependencies = (
			);
			name = Cryptowatcher;
			productName = Cryptowatcher;
			productReference = B549995E201525B300FBEC3D /* Cryptowatcher.app */;
			productType = "com.apple.product-type.application";
		};
		B5499971201525B300FBEC3D /* CryptowatcherTests */ = {
			isa = PBXNativeTarget;
			buildConfigurationList = B549997E201525B300FBEC3D /* Build configuration list for PBXNativeTarget "CryptowatcherTests" */;
			buildPhases = (
				B549996E201525B300FBEC3D /* Sources */,
				B549996F201525B300FBEC3D /* Frameworks */,
				B5499970201525B300FBEC3D /* Resources */,
			);
			buildRules = (
			);
			dependencies = (
				B5499974201525B300FBEC3D /* PBXTargetDependency */,
			);
			name = CryptowatcherTests;
			productName = CryptowatcherTests;
			productReference = B5499972201525B300FBEC3D /* CryptowatcherTests.xctest */;
			productType = "com.apple.product-type.bundle.unit-test";
		};
/* End PBXNativeTarget section */

/* Begin PBXProject section */
		B5499956201525B300FBEC3D /* Project object */ = {
			isa = PBXProject;
			attributes = {
				LastSwiftUpdateCheck = 0920;
				LastUpgradeCheck = 0920;
				ORGANIZATIONNAME = Ben;
				TargetAttributes = {
					B549995D201525B300FBEC3D = {
						CreatedOnToolsVersion = 9.2;
						ProvisioningStyle = Automatic;
					};
					B5499971201525B300FBEC3D = {
						CreatedOnToolsVersion = 9.2;
						ProvisioningStyle = Automatic;
						TestTargetID = B549995D201525B300FBEC3D;
					};
				};
			};
			buildConfigurationList = B5499959201525B300FBEC3D /* Build configuration list for PBXProject "Cryptowatcher" */;
			compatibilityVersion = "Xcode 8.0";
			developmentRegion = en;
			hasScannedForEncodings = 0;
			knownRegions = (
				en,
				Base,
			);
			mainGroup = B5499955201525B300FBEC3D;
			productRefGroup = B549995F201525B300FBEC3D /* Products */;
			projectDirPath = "";
			projectRoot = "";
			targets = (
				B549995D201525B300FBEC3D /* Cryptowatcher */,
				B5499971201525B300FBEC3D /* CryptowatcherTests */,
			);
		};
/* End PBXProject section */

/* Begin PBXResourcesBuildPhase section */
		B549995C201525B300FBEC3D /* Resources */ = {
			isa = PBXResourcesBuildPhase;
			buildActionMask = 2147483647;
			files = (
				B549996C201525B300FBEC3D /* LaunchScreen.storyboard in Resources */,
				B5499969201525B300FBEC3D /* Assets.xcassets in Resources */,
				B5499967201525B300FBEC3D /* Main.storyboard in Resources */,
			);
			runOnlyForDeploymentPostprocessing = 0;
		};
		B5499970201525B300FBEC3D /* Resources */ = {
			isa = PBXResourcesBuildPhase;
			buildActionMask = 2147483647;
			files = (
			);
			runOnlyForDeploymentPostprocessing = 0;
		};
/* End PBXResourcesBuildPhase section */

/* Begin PBXSourcesBuildPhase section */
		B549995A201525B300FBEC3D /* Sources */ = {
			isa = PBXSourcesBuildPhase;
			buildActionMask = 2147483647;
			files = (
				B5499964201525B300FBEC3D /* ViewController.swift in Sources */,
				B5499962201525B300FBEC3D /* AppDelegate.swift in Sources */,
			);
			runOnlyForDeploymentPostprocessing = 0;
		};
		B549996E201525B300FBEC3D /* Sources */ = {
			isa = PBXSourcesBuildPhase;
			buildActionMask = 2147483647;
			files = (
				B5499977201525B300FBEC3D /* CryptowatcherTests.swift in Sources */,
			);
			runOnlyForDeploymentPostprocessing = 0;
		};
/* End PBXSourcesBuildPhase section */

/* Begin PBXTargetDependency section */
		B5499974201525B300FBEC3D /* PBXTargetDependency */ = {
			isa = PBXTargetDependency;
			target = B549995D201525B300FBEC3D /* Cryptowatcher */;
			targetProxy = B5499973201525B300FBEC3D /* PBXContainerItemProxy */;
		};
/* End PBXTargetDependency section */

/* Begin PBXVariantGroup section */
		B5499965201525B300FBEC3D /* Main.storyboard */ = {
			isa = PBXVariantGroup;
			children = (
				B5499966201525B300FBEC3D /* Base */,
			);
			name = Main.storyboard;
			sourceTree = "<group>";
		};
		B549996A201525B300FBEC3D /* LaunchScreen.storyboard */ = {
			isa = PBXVariantGroup;
			children = (
				B549996B201525B300FBEC3D /* Base */,
			);
			name = LaunchScreen.storyboard;
			sourceTree = "<group>";
		};
/* End PBXVariantGroup section */

/* Begin XCBuildConfiguration section */
		B5499979201525B300FBEC3D /* Debug */ = {
			isa = XCBuildConfiguration;
			buildSettings = {
				ALWAYS_SEARCH_USER_PATHS = NO;
				CLANG_ANALYZER_NONNULL = YES;
				CLANG_ANALYZER_NUMBER_OBJECT_CONVERSION = YES_AGGRESSIVE;
				CLANG_CXX_LANGUAGE_STANDARD = "gnu++14";
				CLANG_CXX_LIBRARY = "libc++";
				CLANG_ENABLE_MODULES = YES;
				CLANG_ENABLE_OBJC_ARC = YES;
				CLANG_WARN_BLOCK_CAPTURE_AUTORELEASING = YES;
				CLANG_WARN_BOOL_CONVERSION = YES;
				CLANG_WARN_COMMA = YES;
				CLANG_WARN_CONSTANT_CONVERSION = YES;
				CLANG_WARN_DIRECT_OBJC_ISA_USAGE = YES_ERROR;
				CLANG_WARN_DOCUMENTATION_COMMENTS = YES;
				CLANG_WARN_EMPTY_BODY = YES;
				CLANG_WARN_ENUM_CONVERSION = YES;
				CLANG_WARN_INFINITE_RECURSION = YES;
				CLANG_WARN_INT_CONVERSION = YES;
				CLANG_WARN_NON_LITERAL_NULL_CONVERSION = YES;
				CLANG_WARN_OBJC_LITERAL_CONVERSION = YES;
				CLANG_WARN_OBJC_ROOT_CLASS = YES_ERROR;
				CLANG_WARN_RANGE_LOOP_ANALYSIS = YES;
				CLANG_WARN_STRICT_PROTOTYPES = YES;
				CLANG_WARN_SUSPICIOUS_MOVE = YES;
				CLANG_WARN_UNGUARDED_AVAILABILITY = YES_AGGRESSIVE;
				CLANG_WARN_UNREACHABLE_CODE = YES;
				CLANG_WARN__DUPLICATE_METHOD_MATCH = YES;
				CODE_SIGN_IDENTITY = "iPhone Developer";
				COPY_PHASE_STRIP = NO;
				DEBUG_INFORMATION_FORMAT = dwarf;
				ENABLE_STRICT_OBJC_MSGSEND = YES;
				ENABLE_TESTABILITY = YES;
				GCC_C_LANGUAGE_STANDARD = gnu11;
				GCC_DYNAMIC_NO_PIC = NO;
				GCC_NO_COMMON_BLOCKS = YES;
				GCC_OPTIMIZATION_LEVEL = 0;
				GCC_PREPROCESSOR_DEFINITIONS = (
					"DEBUG=1",
					"$(inherited)",
				);
				GCC_WARN_64_TO_32_BIT_CONVERSION = YES;
				GCC_WARN_ABOUT_RETURN_TYPE = YES_ERROR;
				GCC_WARN_UNDECLARED_SELECTOR = YES;
				GCC_WARN_UNINITIALIZED_AUTOS = YES_AGGRESSIVE;
				GCC_WARN_UNUSED_FUNCTION = YES;
				GCC_WARN_UNUSED_VARIABLE = YES;
				IPHONEOS_DEPLOYMENT_TARGET = 11.2;
				MTL_ENABLE_DEBUG_INFO = YES;
				ONLY_ACTIVE_ARCH = YES;
				SDKROOT = iphoneos;
				SWIFT_ACTIVE_COMPILATION_CONDITIONS = DEBUG;
				SWIFT_OPTIMIZATION_LEVEL = "-Onone";
			};
			name = Debug;
		};
		B549997A201525B300FBEC3D /* Release */ = {
			isa = XCBuildConfiguration;
			buildSettings = {
				ALWAYS_SEARCH_USER_PATHS = NO;
				CLANG_ANALYZER_NONNULL = YES;
				CLANG_ANALYZER_NUMBER_OBJECT_CONVERSION = YES_AGGRESSIVE;
				CLANG_CXX_LANGUAGE_STANDARD = "gnu++14";
				CLANG_CXX_LIBRARY = "libc++";
				CLANG_ENABLE_MODULES = YES;
				CLANG_ENABLE_OBJC_ARC = YES;
				CLANG_WARN_BLOCK_CAPTURE_AUTORELEASING = YES;
				CLANG_WARN_BOOL_CONVERSION = YES;
				CLANG_WARN_COMMA = YES;
				CLANG_WARN_CONSTANT_CONVERSION = YES;
				CLANG_WARN_DIRECT_OBJC_ISA_USAGE = YES_ERROR;
				CLANG_WARN_DOCUMENTATION_COMMENTS = YES;
				CLANG_WARN_EMPTY_BODY = YES;
				CLANG_WARN_ENUM_CONVERSION = YES;
				CLANG_WARN_INFINITE_RECURSION = YES;
				CLANG_WARN_INT_CONVERSION = YES;
				CLANG_WARN_NON_LITERAL_NULL_CONVERSION = YES;
				CLANG_WARN_OBJC_LITERAL_CONVERSION = YES;
				CLANG_WARN_OBJC_ROOT_CLASS = YES_ERROR;
				CLANG_WARN_RANGE_LOOP_ANALYSIS = YES;
				CLANG_WARN_STRICT_PROTOTYPES = YES;
				CLANG_WARN_SUSPICIOUS_MOVE = YES;
				CLANG_WARN_UNGUARDED_AVAILABILITY = YES_AGGRESSIVE;
				CLANG_WARN_UNREACHABLE_CODE = YES;
				CLANG_WARN__DUPLICATE_METHOD_MATCH = YES;
				CODE_SIGN_IDENTITY = "iPhone Developer";
				COPY_PHASE_STRIP = NO;
				DEBUG_INFORMATION_FORMAT = "dwarf-with-dsym";
				ENABLE_NS_ASSERTIONS = NO;
				ENABLE_STRICT_OBJC_MSGSEND = YES;
				GCC_C_LANGUAGE_STANDARD = gnu11;
				GCC_NO_COMMON_BLOCKS = YES;
				GCC_WARN_64_TO_32_BIT_CONVERSION = YES;
				GCC_WARN_ABOUT_RETURN_TYPE = YES_ERROR;
				GCC_WARN_UNDECLARED_SELECTOR = YES;
				GCC_WARN_UNINITIALIZED_AUTOS = YES_AGGRESSIVE;
				GCC_WARN_UNUSED_FUNCTION = YES;
				GCC_WARN_UNUSED_VARIABLE = YES;
				IPHONEOS_DEPLOYMENT_TARGET = 11.2;
				MTL_ENABLE_DEBUG_INFO = NO;
				SDKROOT = iphoneos;
				SWIFT_OPTIMIZATION_LEVEL = "-Owholemodule";
				VALIDATE_PRODUCT = YES;
			};
			name = Release;
		};
		B549997C201525B300FBEC3D /* Debug */ = {
			isa = XCBuildConfiguration;
			buildSettings = {
				ASSETCATALOG_COMPILER_APPICON_NAME = AppIcon;
				CODE_SIGN_STYLE = Automatic;
				INFOPLIST_FILE = Cryptowatcher/Info.plist;
				LD_RUNPATH_SEARCH_PATHS = "$(inherited) @executable_path/Frameworks";
				PRODUCT_BUNDLE_IDENTIFIER = benbinary.Cryptowatcher;
				PRODUCT_NAME = "$(TARGET_NAME)";
				SWIFT_VERSION = 4.0;
				TARGETED_DEVICE_FAMILY = "1,2";
			};
			name = Debug;
		};
		B549997D201525B300FBEC3D /* Release */ = {
			isa = XCBuildConfiguration;
			buildSettings = {
				ASSETCATALOG_COMPILER_APPICON_NAME = AppIcon;
				CODE_SIGN_STYLE = Automatic;
				INFOPLIST_FILE = Cryptowatcher/Info.plist;
				LD_RUNPATH_SEARCH_PATHS = "$(inherited) @executable_path/Frameworks";
				PRODUCT_BUNDLE_IDENTIFIER = benbinary.Cryptowatcher;
				PRODUCT_NAME = "$(TARGET_NAME)";
				SWIFT_VERSION = 4.0;
				TARGETED_DEVICE_FAMILY = "1,2";
			};
			name = Release;
		};
		B549997F201525B300FBEC3D /* Debug */ = {
			isa = XCBuildConfiguration;
			buildSettings = {
				ALWAYS_EMBED_SWIFT_STANDARD_LIBRARIES = YES;
				BUNDLE_LOADER = "$(TEST_HOST)";
				CODE_SIGN_STYLE = Automatic;
				INFOPLIST_FILE = CryptowatcherTests/Info.plist;
				LD_RUNPATH_SEARCH_PATHS = "$(inherited) @executable_path/Frameworks @loader_path/Frameworks";
				PRODUCT_BUNDLE_IDENTIFIER = benbinary.CryptowatcherTests;
				PRODUCT_NAME = "$(TARGET_NAME)";
				SWIFT_VERSION = 4.0;
				TARGETED_DEVICE_FAMILY = "1,2";
				TEST_HOST = "$(BUILT_PRODUCTS_DIR)/Cryptowatcher.app/Cryptowatcher";
			};
			name = Debug;
		};
		B5499980201525B300FBEC3D /* Release */ = {
			isa = XCBuildConfiguration;
			buildSettings = {
				ALWAYS_EMBED_SWIFT_STANDARD_LIBRARIES = YES;
				BUNDLE_LOADER = "$(TEST_HOST)";
				CODE_SIGN_STYLE = Automatic;
				INFOPLIST_FILE = CryptowatcherTests/Info.plist;
				LD_RUNPATH_SEARCH_PATHS = "$(inherited) @executable_path/Frameworks @loader_path/Frameworks";
				PRODUCT_BUNDLE_IDENTIFIER = benbinary.CryptowatcherTests;
				PRODUCT_NAME = "$(TARGET_NAME)";
				SWIFT_VERSION = 4.0;
				TARGETED_DEVICE_FAMILY = "1,2";
				TEST_HOST = "$(BUILT_PRODUCTS_DIR)/Cryptowatcher.app/Cryptowatcher";
			};
			name = Release;
		};
/* End XCBuildConfiguration section */

/* Begin XCConfigurationList section */
		B5499959201525B300FBEC3D /* Build configuration list for PBXProject "Cryptowatcher" */ = {
			isa = XCConfigurationList;
			buildConfigurations = (
				B5499979201525B300FBEC3D /* Debug */,
				B549997A201525B300FBEC3D /* Release */,
			);
			defaultConfigurationIsVisible = 0;
			defaultConfigurationName = Release;
		};
		B549997B201525B300FBEC3D /* Build configuration list for PBXNativeTarget "Cryptowatcher" */ = {
			isa = XCConfigurationList;
			buildConfigurations = (
				B549997C201525B300FBEC3D /* Debug */,
				B549997D201525B300FBEC3D /* Release */,
			);
			defaultConfigurationIsVisible = 0;
			defaultConfigurationName = Release;
		};
		B549997E201525B300FBEC3D /* Build configuration list for PBXNativeTarget "CryptowatcherTests" */ = {
			isa = XCConfigurationList;
			buildConfigurations = (
				B549997F201525B300FBEC3D /* Debug */,
				B5499980201525B300FBEC3D /* Release */,
			);
			defaultConfigurationIsVisible = 0;
			defaultConfigurationName = Release;
		};
/* End XCConfigurationList section */
	};
	rootObject = B5499956201525B300FBEC3D /* Project object */;
}
